// !$*UTF8*$!
{
	archiveVersion = 1;
	classes = {
	};
	objectVersion = 46;
	objects = {

/* Begin PBXBuildFile section */
		881F8A0F3249CC1B660394AB /* Pods_devslopes_social.framework in Frameworks */ = {isa = PBXBuildFile; fileRef = B1C9D1D907363594B2F16318 /* Pods_devslopes_social.framework */; };
		BF2D1F8D1F228213005818C9 /* FeedVC.swift in Sources */ = {isa = PBXBuildFile; fileRef = BF2D1F8C1F228212005818C9 /* FeedVC.swift */; };
		BF41BFFD1F1FAC7B001109F2 /* AppDelegate.swift in Sources */ = {isa = PBXBuildFile; fileRef = BF41BFFC1F1FAC7B001109F2 /* AppDelegate.swift */; };
		BF41BFFF1F1FAC7B001109F2 /* SignInVC.swift in Sources */ = {isa = PBXBuildFile; fileRef = BF41BFFE1F1FAC7B001109F2 /* SignInVC.swift */; };
		BF41C0021F1FAC7B001109F2 /* Main.storyboard in Resources */ = {isa = PBXBuildFile; fileRef = BF41C0001F1FAC7B001109F2 /* Main.storyboard */; };
		BF41C0041F1FAC7B001109F2 /* Assets.xcassets in Resources */ = {isa = PBXBuildFile; fileRef = BF41C0031F1FAC7B001109F2 /* Assets.xcassets */; };
		BF41C0071F1FAC7B001109F2 /* LaunchScreen.storyboard in Resources */ = {isa = PBXBuildFile; fileRef = BF41C0051F1FAC7B001109F2 /* LaunchScreen.storyboard */; };
		BF41C00F1F1FAED7001109F2 /* GoogleService-Info.plist in Resources */ = {isa = PBXBuildFile; fileRef = BF41C00E1F1FAED7001109F2 /* GoogleService-Info.plist */; };
		BF4EF1FE1F238252000EE47B /* CircleView.swift in Sources */ = {isa = PBXBuildFile; fileRef = BF4EF1FD1F238252000EE47B /* CircleView.swift */; };
		BF72E7A01F2104A300461326 /* FancyView.swift in Sources */ = {isa = PBXBuildFile; fileRef = BF72E79F1F2104A300461326 /* FancyView.swift */; };
		BF72E7A31F21056E00461326 /* Constants.swift in Sources */ = {isa = PBXBuildFile; fileRef = BF72E7A21F21056E00461326 /* Constants.swift */; };
		BF72E7A51F210A1500461326 /* RoundBtn.swift in Sources */ = {isa = PBXBuildFile; fileRef = BF72E7A41F210A1500461326 /* RoundBtn.swift */; };
		BF72E7A71F21131900461326 /* FancyTextField.swift in Sources */ = {isa = PBXBuildFile; fileRef = BF72E7A61F21131900461326 /* FancyTextField.swift */; };
		BF72E7A91F211F4200461326 /* FancyBtn.swift in Sources */ = {isa = PBXBuildFile; fileRef = BF72E7A81F211F4200461326 /* FancyBtn.swift */; };
/* End PBXBuildFile section */

/* Begin PBXFileReference section */
		5667B94565C8455251509987 /* Pods-devslopes-social.release.xcconfig */ = {isa = PBXFileReference; includeInIndex = 1; lastKnownFileType = text.xcconfig; name = "Pods-devslopes-social.release.xcconfig"; path = "Pods/Target Support Files/Pods-devslopes-social/Pods-devslopes-social.release.xcconfig"; sourceTree = "<group>"; };
		B1C9D1D907363594B2F16318 /* Pods_devslopes_social.framework */ = {isa = PBXFileReference; explicitFileType = wrapper.framework; includeInIndex = 0; path = Pods_devslopes_social.framework; sourceTree = BUILT_PRODUCTS_DIR; };
		BF2D1F8C1F228212005818C9 /* FeedVC.swift */ = {isa = PBXFileReference; fileEncoding = 4; lastKnownFileType = sourcecode.swift; path = FeedVC.swift; sourceTree = "<group>"; };
		BF41BFF91F1FAC7A001109F2 /* devslopes-social.app */ = {isa = PBXFileReference; explicitFileType = wrapper.application; includeInIndex = 0; path = "devslopes-social.app"; sourceTree = BUILT_PRODUCTS_DIR; };
		BF41BFFC1F1FAC7B001109F2 /* AppDelegate.swift */ = {isa = PBXFileReference; lastKnownFileType = sourcecode.swift; path = AppDelegate.swift; sourceTree = "<group>"; };
		BF41BFFE1F1FAC7B001109F2 /* SignInVC.swift */ = {isa = PBXFileReference; lastKnownFileType = sourcecode.swift; path = SignInVC.swift; sourceTree = "<group>"; };
		BF41C0011F1FAC7B001109F2 /* Base */ = {isa = PBXFileReference; lastKnownFileType = file.storyboard; name = Base; path = Base.lproj/Main.storyboard; sourceTree = "<group>"; };
		BF41C0031F1FAC7B001109F2 /* Assets.xcassets */ = {isa = PBXFileReference; lastKnownFileType = folder.assetcatalog; path = Assets.xcassets; sourceTree = "<group>"; };
		BF41C0061F1FAC7B001109F2 /* Base */ = {isa = PBXFileReference; lastKnownFileType = file.storyboard; name = Base; path = Base.lproj/LaunchScreen.storyboard; sourceTree = "<group>"; };
		BF41C0081F1FAC7B001109F2 /* Info.plist */ = {isa = PBXFileReference; lastKnownFileType = text.plist.xml; path = Info.plist; sourceTree = "<group>"; };
		BF41C00E1F1FAED7001109F2 /* GoogleService-Info.plist */ = {isa = PBXFileReference; fileEncoding = 4; lastKnownFileType = text.plist.xml; path = "GoogleService-Info.plist"; sourceTree = "<group>"; };
		BF4EF1FD1F238252000EE47B /* CircleView.swift */ = {isa = PBXFileReference; fileEncoding = 4; lastKnownFileType = sourcecode.swift; path = CircleView.swift; sourceTree = "<group>"; };
		BF72E79F1F2104A300461326 /* FancyView.swift */ = {isa = PBXFileReference; fileEncoding = 4; lastKnownFileType = sourcecode.swift; path = FancyView.swift; sourceTree = "<group>"; };
		BF72E7A21F21056E00461326 /* Constants.swift */ = {isa = PBXFileReference; fileEncoding = 4; lastKnownFileType = sourcecode.swift; path = Constants.swift; sourceTree = "<group>"; };
		BF72E7A41F210A1500461326 /* RoundBtn.swift */ = {isa = PBXFileReference; fileEncoding = 4; lastKnownFileType = sourcecode.swift; path = RoundBtn.swift; sourceTree = "<group>"; };
		BF72E7A61F21131900461326 /* FancyTextField.swift */ = {isa = PBXFileReference; fileEncoding = 4; lastKnownFileType = sourcecode.swift; path = FancyTextField.swift; sourceTree = "<group>"; };
		BF72E7A81F211F4200461326 /* FancyBtn.swift */ = {isa = PBXFileReference; fileEncoding = 4; lastKnownFileType = sourcecode.swift; path = FancyBtn.swift; sourceTree = "<group>"; };
		BF72E7AC1F215B1700461326 /* devslopes-social.entitlements */ = {isa = PBXFileReference; lastKnownFileType = text.plist.entitlements; path = "devslopes-social.entitlements"; sourceTree = "<group>"; };
		CC8845A83EE5FF7398EF72E9 /* Pods-devslopes-social.debug.xcconfig */ = {isa = PBXFileReference; includeInIndex = 1; lastKnownFileType = text.xcconfig; name = "Pods-devslopes-social.debug.xcconfig"; path = "Pods/Target Support Files/Pods-devslopes-social/Pods-devslopes-social.debug.xcconfig"; sourceTree = "<group>"; };
/* End PBXFileReference section */

/* Begin PBXFrameworksBuildPhase section */
		BF41BFF61F1FAC7A001109F2 /* Frameworks */ = {
			isa = PBXFrameworksBuildPhase;
			buildActionMask = 2147483647;
			files = (
				881F8A0F3249CC1B660394AB /* Pods_devslopes_social.framework in Frameworks */,
			);
			runOnlyForDeploymentPostprocessing = 0;
		};
/* End PBXFrameworksBuildPhase section */

/* Begin PBXGroup section */
		BF41BFF01F1FAC79001109F2 = {
			isa = PBXGroup;
			children = (
				BF41BFFB1F1FAC7A001109F2 /* devslopes-social */,
				BF41BFFA1F1FAC7A001109F2 /* Products */,
				C7B4FDA8D58FAF6105CE0A86 /* Pods */,
				FDD1BDAE2934D67968EB8CA5 /* Frameworks */,
			);
			sourceTree = "<group>";
		};
		BF41BFFA1F1FAC7A001109F2 /* Products */ = {
			isa = PBXGroup;
			children = (
				BF41BFF91F1FAC7A001109F2 /* devslopes-social.app */,
			);
			name = Products;
			sourceTree = "<group>";
		};
		BF41BFFB1F1FAC7A001109F2 /* devslopes-social */ = {
			isa = PBXGroup;
			children = (
				BF72E7AC1F215B1700461326 /* devslopes-social.entitlements */,
				BF41C0101F1FB3C6001109F2 /* Model */,
				BF41C0111F1FB3CB001109F2 /* View */,
				BF41C0121F1FB3CF001109F2 /* Controller */,
				BF72E7A11F21056200461326 /* Utils */,
				BF41BFFC1F1FAC7B001109F2 /* AppDelegate.swift */,
				BF41C0001F1FAC7B001109F2 /* Main.storyboard */,
				BF41C0031F1FAC7B001109F2 /* Assets.xcassets */,
				BF41C0051F1FAC7B001109F2 /* LaunchScreen.storyboard */,
				BF41C00E1F1FAED7001109F2 /* GoogleService-Info.plist */,
				BF41C0081F1FAC7B001109F2 /* Info.plist */,
			);
			path = "devslopes-social";
			sourceTree = "<group>";
		};
		BF41C0101F1FB3C6001109F2 /* Model */ = {
			isa = PBXGroup;
			children = (
			);
			name = Model;
			sourceTree = "<group>";
		};
		BF41C0111F1FB3CB001109F2 /* View */ = {
			isa = PBXGroup;
			children = (
				BF72E79F1F2104A300461326 /* FancyView.swift */,
				BF72E7A41F210A1500461326 /* RoundBtn.swift */,
				BF72E7A61F21131900461326 /* FancyTextField.swift */,
				BF72E7A81F211F4200461326 /* FancyBtn.swift */,
				BF4EF1FD1F238252000EE47B /* CircleView.swift */,
			);
			name = View;
			sourceTree = "<group>";
		};
		BF41C0121F1FB3CF001109F2 /* Controller */ = {
			isa = PBXGroup;
			children = (
				BF41BFFE1F1FAC7B001109F2 /* SignInVC.swift */,
				BF2D1F8C1F228212005818C9 /* FeedVC.swift */,
			);
			name = Controller;
			sourceTree = "<group>";
		};
		BF72E7A11F21056200461326 /* Utils */ = {
			isa = PBXGroup;
			children = (
				BF72E7A21F21056E00461326 /* Constants.swift */,
			);
			name = Utils;
			sourceTree = "<group>";
		};
		C7B4FDA8D58FAF6105CE0A86 /* Pods */ = {
			isa = PBXGroup;
			children = (
				CC8845A83EE5FF7398EF72E9 /* Pods-devslopes-social.debug.xcconfig */,
				5667B94565C8455251509987 /* Pods-devslopes-social.release.xcconfig */,
			);
			name = Pods;
			sourceTree = "<group>";
		};
		FDD1BDAE2934D67968EB8CA5 /* Frameworks */ = {
			isa = PBXGroup;
			children = (
				B1C9D1D907363594B2F16318 /* Pods_devslopes_social.framework */,
			);
			name = Frameworks;
			sourceTree = "<group>";
		};
/* End PBXGroup section */

/* Begin PBXNativeTarget section */
		BF41BFF81F1FAC7A001109F2 /* devslopes-social */ = {
			isa = PBXNativeTarget;
			buildConfigurationList = BF41C00B1F1FAC7B001109F2 /* Build configuration list for PBXNativeTarget "devslopes-social" */;
			buildPhases = (
				B2034BC42051BF8F9B3763F9 /* [CP] Check Pods Manifest.lock */,
				BF41BFF51F1FAC7A001109F2 /* Sources */,
				BF41BFF61F1FAC7A001109F2 /* Frameworks */,
				BF41BFF71F1FAC7A001109F2 /* Resources */,
				D6B4A75C7CE1B884B894ADE3 /* [CP] Embed Pods Frameworks */,
				61DB4B68F84AF9C7A0D772AE /* [CP] Copy Pods Resources */,
			);
			buildRules = (
			);
			dependencies = (
			);
			name = "devslopes-social";
			productName = "devslopes-social";
			productReference = BF41BFF91F1FAC7A001109F2 /* devslopes-social.app */;
			productType = "com.apple.product-type.application";
		};
/* End PBXNativeTarget section */

/* Begin PBXProject section */
		BF41BFF11F1FAC7A001109F2 /* Project object */ = {
			isa = PBXProject;
			attributes = {
				LastSwiftUpdateCheck = 0830;
				LastUpgradeCheck = 0830;
				ORGANIZATIONNAME = "Max Furman";
				TargetAttributes = {
					BF41BFF81F1FAC7A001109F2 = {
						CreatedOnToolsVersion = 8.3.3;
						DevelopmentTeam = SU634ZDD66;
						ProvisioningStyle = Automatic;
						SystemCapabilities = {
							com.apple.Keychain = {
								enabled = 1;
							};
						};
					};
				};
			};
			buildConfigurationList = BF41BFF41F1FAC7A001109F2 /* Build configuration list for PBXProject "devslopes-social" */;
			compatibilityVersion = "Xcode 3.2";
			developmentRegion = English;
			hasScannedForEncodings = 0;
			knownRegions = (
				en,
				Base,
			);
			mainGroup = BF41BFF01F1FAC79001109F2;
			productRefGroup = BF41BFFA1F1FAC7A001109F2 /* Products */;
			projectDirPath = "";
			projectRoot = "";
			targets = (
				BF41BFF81F1FAC7A001109F2 /* devslopes-social */,
			);
		};
/* End PBXProject section */

/* Begin PBXResourcesBuildPhase section */
		BF41BFF71F1FAC7A001109F2 /* Resources */ = {
			isa = PBXResourcesBuildPhase;
			buildActionMask = 2147483647;
			files = (
				BF41C0071F1FAC7B001109F2 /* LaunchScreen.storyboard in Resources */,
				BF41C00F1F1FAED7001109F2 /* GoogleService-Info.plist in Resources */,
				BF41C0041F1FAC7B001109F2 /* Assets.xcassets in Resources */,
				BF41C0021F1FAC7B001109F2 /* Main.storyboard in Resources */,
			);
			runOnlyForDeploymentPostprocessing = 0;
		};
/* End PBXResourcesBuildPhase section */

/* Begin PBXShellScriptBuildPhase section */
		61DB4B68F84AF9C7A0D772AE /* [CP] Copy Pods Resources */ = {
			isa = PBXShellScriptBuildPhase;
			buildActionMask = 2147483647;
			files = (
			);
			inputPaths = (
			);
			name = "[CP] Copy Pods Resources";
			outputPaths = (
			);
			runOnlyForDeploymentPostprocessing = 0;
			shellPath = /bin/sh;
			shellScript = "\"${SRCROOT}/Pods/Target Support Files/Pods-devslopes-social/Pods-devslopes-social-resources.sh\"\n";
			showEnvVarsInLog = 0;
		};
		B2034BC42051BF8F9B3763F9 /* [CP] Check Pods Manifest.lock */ = {
			isa = PBXShellScriptBuildPhase;
			buildActionMask = 2147483647;
			files = (
			);
			inputPaths = (
			);
			name = "[CP] Check Pods Manifest.lock";
			outputPaths = (
			);
			runOnlyForDeploymentPostprocessing = 0;
			shellPath = /bin/sh;
			shellScript = "diff \"${PODS_PODFILE_DIR_PATH}/Podfile.lock\" \"${PODS_ROOT}/Manifest.lock\" > /dev/null\nif [ $? != 0 ] ; then\n    # print error to STDERR\n    echo \"error: The sandbox is not in sync with the Podfile.lock. Run 'pod install' or update your CocoaPods installation.\" >&2\n    exit 1\nfi\n";
			showEnvVarsInLog = 0;
		};
		D6B4A75C7CE1B884B894ADE3 /* [CP] Embed Pods Frameworks */ = {
			isa = PBXShellScriptBuildPhase;
			buildActionMask = 2147483647;
			files = (
			);
			inputPaths = (
			);
			name = "[CP] Embed Pods Frameworks";
			outputPaths = (
			);
			runOnlyForDeploymentPostprocessing = 0;
			shellPath = /bin/sh;
			shellScript = "\"${SRCROOT}/Pods/Target Support Files/Pods-devslopes-social/Pods-devslopes-social-frameworks.sh\"\n";
			showEnvVarsInLog = 0;
		};
/* End PBXShellScriptBuildPhase section */

/* Begin PBXSourcesBuildPhase section */
		BF41BFF51F1FAC7A001109F2 /* Sources */ = {
			isa = PBXSourcesBuildPhase;
			buildActionMask = 2147483647;
			files = (
				BF4EF1FE1F238252000EE47B /* CircleView.swift in Sources */,
				BF41BFFF1F1FAC7B001109F2 /* SignInVC.swift in Sources */,
				BF72E7A51F210A1500461326 /* RoundBtn.swift in Sources */,
				BF41BFFD1F1FAC7B001109F2 /* AppDelegate.swift in Sources */,
				BF72E7A71F21131900461326 /* FancyTextField.swift in Sources */,
				BF2D1F8D1F228213005818C9 /* FeedVC.swift in Sources */,
				BF72E7A01F2104A300461326 /* FancyView.swift in Sources */,
				BF72E7A31F21056E00461326 /* Constants.swift in Sources */,
				BF72E7A91F211F4200461326 /* FancyBtn.swift in Sources */,
			);
			runOnlyForDeploymentPostprocessing = 0;
		};
/* End PBXSourcesBuildPhase section */

/* Begin PBXVariantGroup section */
		BF41C0001F1FAC7B001109F2 /* Main.storyboard */ = {
			isa = PBXVariantGroup;
			children = (
				BF41C0011F1FAC7B001109F2 /* Base */,
			);
			name = Main.storyboard;
			sourceTree = "<group>";
		};
		BF41C0051F1FAC7B001109F2 /* LaunchScreen.storyboard */ = {
			isa = PBXVariantGroup;
			children = (
				BF41C0061F1FAC7B001109F2 /* Base */,
			);
			name = LaunchScreen.storyboard;
			sourceTree = "<group>";
		};
/* End PBXVariantGroup section */

/* Begin XCBuildConfiguration section */
		BF41C0091F1FAC7B001109F2 /* Debug */ = {
			isa = XCBuildConfiguration;
			buildSettings = {
				ALWAYS_SEARCH_USER_PATHS = NO;
				CLANG_ANALYZER_NONNULL = YES;
				CLANG_ANALYZER_NUMBER_OBJECT_CONVERSION = YES_AGGRESSIVE;
				CLANG_CXX_LANGUAGE_STANDARD = "gnu++0x";
				CLANG_CXX_LIBRARY = "libc++";
				CLANG_ENABLE_MODULES = YES;
				CLANG_ENABLE_OBJC_ARC = YES;
				CLANG_WARN_BOOL_CONVERSION = YES;
				CLANG_WARN_CONSTANT_CONVERSION = YES;
				CLANG_WARN_DIRECT_OBJC_ISA_USAGE = YES_ERROR;
				CLANG_WARN_DOCUMENTATION_COMMENTS = YES;
				CLANG_WARN_EMPTY_BODY = YES;
				CLANG_WARN_ENUM_CONVERSION = YES;
				CLANG_WARN_INFINITE_RECURSION = YES;
				CLANG_WARN_INT_CONVERSION = YES;
				CLANG_WARN_OBJC_ROOT_CLASS = YES_ERROR;
				CLANG_WARN_SUSPICIOUS_MOVE = YES;
				CLANG_WARN_UNREACHABLE_CODE = YES;
				CLANG_WARN__DUPLICATE_METHOD_MATCH = YES;
				"CODE_SIGN_IDENTITY[sdk=iphoneos*]" = "iPhone Developer";
				COPY_PHASE_STRIP = NO;
				DEBUG_INFORMATION_FORMAT = dwarf;
				ENABLE_STRICT_OBJC_MSGSEND = YES;
				ENABLE_TESTABILITY = YES;
				GCC_C_LANGUAGE_STANDARD = gnu99;
				GCC_DYNAMIC_NO_PIC = NO;
				GCC_NO_COMMON_BLOCKS = YES;
				GCC_OPTIMIZATION_LEVEL = 0;
				GCC_PREPROCESSOR_DEFINITIONS = (
					"DEBUG=1",
					"$(inherited)",
				);
				GCC_WARN_64_TO_32_BIT_CONVERSION = YES;
				GCC_WARN_ABOUT_RETURN_TYPE = YES_ERROR;
				GCC_WARN_UNDECLARED_SELECTOR = YES;
				GCC_WARN_UNINITIALIZED_AUTOS = YES_AGGRESSIVE;
				GCC_WARN_UNUSED_FUNCTION = YES;
				GCC_WARN_UNUSED_VARIABLE = YES;
				IPHONEOS_DEPLOYMENT_TARGET = 10.3;
				MTL_ENABLE_DEBUG_INFO = YES;
				ONLY_ACTIVE_ARCH = YES;
				SDKROOT = iphoneos;
				SWIFT_ACTIVE_COMPILATION_CONDITIONS = DEBUG;
				SWIFT_OPTIMIZATION_LEVEL = "-Onone";
				TARGETED_DEVICE_FAMILY = "1,2";
			};
			name = Debug;
		};
		BF41C00A1F1FAC7B001109F2 /* Release */ = {
			isa = XCBuildConfiguration;
			buildSettings = {
				ALWAYS_SEARCH_USER_PATHS = NO;
				CLANG_ANALYZER_NONNULL = YES;
				CLANG_ANALYZER_NUMBER_OBJECT_CONVERSION = YES_AGGRESSIVE;
				CLANG_CXX_LANGUAGE_STANDARD = "gnu++0x";
				CLANG_CXX_LIBRARY = "libc++";
				CLANG_ENABLE_MODULES = YES;
				CLANG_ENABLE_OBJC_ARC = YES;
				CLANG_WARN_BOOL_CONVERSION = YES;
				CLANG_WARN_CONSTANT_CONVERSION = YES;
				CLANG_WARN_DIRECT_OBJC_ISA_USAGE = YES_ERROR;
				CLANG_WARN_DOCUMENTATION_COMMENTS = YES;
				CLANG_WARN_EMPTY_BODY = YES;
				CLANG_WARN_ENUM_CONVERSION = YES;
				CLANG_WARN_INFINITE_RECURSION = YES;
				CLANG_WARN_INT_CONVERSION = YES;
				CLANG_WARN_OBJC_ROOT_CLASS = YES_ERROR;
				CLANG_WARN_SUSPICIOUS_MOVE = YES;
				CLANG_WARN_UNREACHABLE_CODE = YES;
				CLANG_WARN__DUPLICATE_METHOD_MATCH = YES;
				"CODE_SIGN_IDENTITY[sdk=iphoneos*]" = "iPhone Developer";
				COPY_PHASE_STRIP = NO;
				DEBUG_INFORMATION_FORMAT = "dwarf-with-dsym";
				ENABLE_NS_ASSERTIONS = NO;
				ENABLE_STRICT_OBJC_MSGSEND = YES;
				GCC_C_LANGUAGE_STANDARD = gnu99;
				GCC_NO_COMMON_BLOCKS = YES;
				GCC_WARN_64_TO_32_BIT_CONVERSION = YES;
				GCC_WARN_ABOUT_RETURN_TYPE = YES_ERROR;
				GCC_WARN_UNDECLARED_SELECTOR = YES;
				GCC_WARN_UNINITIALIZED_AUTOS = YES_AGGRESSIVE;
				GCC_WARN_UNUSED_FUNCTION = YES;
				GCC_WARN_UNUSED_VARIABLE = YES;
				IPHONEOS_DEPLOYMENT_TARGET = 10.3;
				MTL_ENABLE_DEBUG_INFO = NO;
				SDKROOT = iphoneos;
				SWIFT_OPTIMIZATION_LEVEL = "-Owholemodule";
				TARGETED_DEVICE_FAMILY = "1,2";
				VALIDATE_PRODUCT = YES;
			};
			name = Release;
		};
		BF41C00C1F1FAC7B001109F2 /* Debug */ = {
			isa = XCBuildConfiguration;
			baseConfigurationReference = CC8845A83EE5FF7398EF72E9 /* Pods-devslopes-social.debug.xcconfig */;
			buildSettings = {
				ASSETCATALOG_COMPILER_APPICON_NAME = AppIcon;
				CODE_SIGN_ENTITLEMENTS = "devslopes-social/devslopes-social.entitlements";
				DEVELOPMENT_TEAM = SU634ZDD66;
				FRAMEWORK_SEARCH_PATHS = (
					"$(inherited)",
					"$(PROJECT_DIR)",
				);
				INFOPLIST_FILE = "devslopes-social/Info.plist";
				IPHONEOS_DEPLOYMENT_TARGET = 10.2;
				LD_RUNPATH_SEARCH_PATHS = "$(inherited) @executable_path/Frameworks";
				PRODUCT_BUNDLE_IDENTIFIER = "com.maxfurman.devslopes-social";
				PRODUCT_NAME = "$(TARGET_NAME)";
				SWIFT_VERSION = 3.0;
			};
			name = Debug;
		};
		BF41C00D1F1FAC7B001109F2 /* Release */ = {
			isa = XCBuildConfiguration;
			baseConfigurationReference = 5667B94565C8455251509987 /* Pods-devslopes-social.release.xcconfig */;
			buildSettings = {
				ASSETCATALOG_COMPILER_APPICON_NAME = AppIcon;
				CODE_SIGN_ENTITLEMENTS = "devslopes-social/devslopes-social.entitlements";
				DEVELOPMENT_TEAM = SU634ZDD66;
				FRAMEWORK_SEARCH_PATHS = (
					"$(inherited)",
					"$(PROJECT_DIR)",
				);
				INFOPLIST_FILE = "devslopes-social/Info.plist";
				IPHONEOS_DEPLOYMENT_TARGET = 10.2;
				LD_RUNPATH_SEARCH_PATHS = "$(inherited) @executable_path/Frameworks";
				PRODUCT_BUNDLE_IDENTIFIER = "com.maxfurman.devslopes-social";
				PRODUCT_NAME = "$(TARGET_NAME)";
				SWIFT_VERSION = 3.0;
			};
			name = Release;
		};
/* End XCBuildConfiguration section */

/* Begin XCConfigurationList section */
		BF41BFF41F1FAC7A001109F2 /* Build configuration list for PBXProject "devslopes-social" */ = {
			isa = XCConfigurationList;
			buildConfigurations = (
				BF41C0091F1FAC7B001109F2 /* Debug */,
				BF41C00A1F1FAC7B001109F2 /* Release */,
			);
			defaultConfigurationIsVisible = 0;
			defaultConfigurationName = Release;
		};
		BF41C00B1F1FAC7B001109F2 /* Build configuration list for PBXNativeTarget "devslopes-social" */ = {
			isa = XCConfigurationList;
			buildConfigurations = (
				BF41C00C1F1FAC7B001109F2 /* Debug */,
				BF41C00D1F1FAC7B001109F2 /* Release */,
			);
			defaultConfigurationIsVisible = 0;
			defaultConfigurationName = Release;
		};
/* End XCConfigurationList section */
	};
	rootObject = BF41BFF11F1FAC7A001109F2 /* Project object */;
}
